
Microsoft Visual Studio Solution File, Format Version 12.00
# Visual Studio Version 17
VisualStudioVersion = 17.0.31903.59
MinimumVisualStudioVersion = 10.0.40219.1
Project("{F2A71F9B-5D33-465A-A702-920D77279786}") = "PlanEditor", "PlanEditor\PlanEditor.fsproj", "{6E23F926-BE5E-41C7-AA86-E92115046CCD}"
EndProject
Project("{F2A71F9B-5D33-465A-A702-920D77279786}") = "PlanEditorCLI", "PlanEditorCLI\PlanEditorCLI.fsproj", "{02B5E4E1-820F-4889-A982-3FC8824C7557}"
EndProject
Global
	GlobalSection(SolutionConfigurationPlatforms) = preSolution
		Debug|Any CPU = Debug|Any CPU
		Debug|x64 = Debug|x64
		Debug|x86 = Debug|x86
		Release|Any CPU = Release|Any CPU
		Release|x64 = Release|x64
		Release|x86 = Release|x86
	EndGlobalSection
	GlobalSection(ProjectConfigurationPlatforms) = postSolution
		{6E23F926-BE5E-41C7-AA86-E92115046CCD}.Debug|Any CPU.ActiveCfg = Debug|Any CPU
		{6E23F926-BE5E-41C7-AA86-E92115046CCD}.Debug|Any CPU.Build.0 = Debug|Any CPU
		{6E23F926-BE5E-41C7-AA86-E92115046CCD}.Debug|x64.ActiveCfg = Debug|Any CPU
		{6E23F926-BE5E-41C7-AA86-E92115046CCD}.Debug|x64.Build.0 = Debug|Any CPU
		{6E23F926-BE5E-41C7-AA86-E92115046CCD}.Debug|x86.ActiveCfg = Debug|Any CPU
		{6E23F926-BE5E-41C7-AA86-E92115046CCD}.Debug|x86.Build.0 = Debug|Any CPU
		{6E23F926-BE5E-41C7-AA86-E92115046CCD}.Release|Any CPU.ActiveCfg = Release|Any CPU
		{6E23F926-BE5E-41C7-AA86-E92115046CCD}.Release|Any CPU.Build.0 = Release|Any CPU
		{6E23F926-BE5E-41C7-AA86-E92115046CCD}.Release|x64.ActiveCfg = Release|Any CPU
		{6E23F926-BE5E-41C7-AA86-E92115046CCD}.Release|x64.Build.0 = Release|Any CPU
		{6E23F926-BE5E-41C7-AA86-E92115046CCD}.Release|x86.ActiveCfg = Release|Any CPU
		{6E23F926-BE5E-41C7-AA86-E92115046CCD}.Release|x86.Build.0 = Release|Any CPU
		{02B5E4E1-820F-4889-A982-3FC8824C7557}.Debug|Any CPU.ActiveCfg = Debug|Any CPU
		{02B5E4E1-820F-4889-A982-3FC8824C7557}.Debug|Any CPU.Build.0 = Debug|Any CPU
		{02B5E4E1-820F-4889-A982-3FC8824C7557}.Debug|x64.ActiveCfg = Debug|Any CPU
		{02B5E4E1-820F-4889-A982-3FC8824C7557}.Debug|x64.Build.0 = Debug|Any CPU
		{02B5E4E1-820F-4889-A982-3FC8824C7557}.Debug|x86.ActiveCfg = Debug|Any CPU
		{02B5E4E1-820F-4889-A982-3FC8824C7557}.Debug|x86.Build.0 = Debug|Any CPU
		{02B5E4E1-820F-4889-A982-3FC8824C7557}.Release|Any CPU.ActiveCfg = Release|Any CPU
		{02B5E4E1-820F-4889-A982-3FC8824C7557}.Release|Any CPU.Build.0 = Release|Any CPU
		{02B5E4E1-820F-4889-A982-3FC8824C7557}.Release|x64.ActiveCfg = Release|Any CPU
		{02B5E4E1-820F-4889-A982-3FC8824C7557}.Release|x64.Build.0 = Release|Any CPU
		{02B5E4E1-820F-4889-A982-3FC8824C7557}.Release|x86.ActiveCfg = Release|Any CPU
		{02B5E4E1-820F-4889-A982-3FC8824C7557}.Release|x86.Build.0 = Release|Any CPU
	EndGlobalSection
	GlobalSection(SolutionProperties) = preSolution
		HideSolutionNode = FALSE
	EndGlobalSection
EndGlobal
